// !$*UTF8*$!
{
	archiveVersion = 1;
	classes = {
	};
	objectVersion = 55;
	objects = {

/* Begin PBXBuildFile section */
		2901811C2A30183000FC6244 /* FeedImageViewModel.swift in Sources */ = {isa = PBXBuildFile; fileRef = 2901811B2A30183000FC6244 /* FeedImageViewModel.swift */; };
		2930CAF92845AB7D00F54E60 /* UIView+Shimmering.swift in Sources */ = {isa = PBXBuildFile; fileRef = 2930CAF82845AB7D00F54E60 /* UIView+Shimmering.swift */; };
		2930E2D42A3E979500610762 /* ErrorView.swift in Sources */ = {isa = PBXBuildFile; fileRef = 2930E2D32A3E979500610762 /* ErrorView.swift */; };
		2930E2D82A3EB77100610762 /* UIRefreshControl+Helpers.swift in Sources */ = {isa = PBXBuildFile; fileRef = 2930E2D72A3EB77100610762 /* UIRefreshControl+Helpers.swift */; };
		29328452281A247000D6AD7F /* CodableFeedStore.swift in Sources */ = {isa = PBXBuildFile; fileRef = 29328451281A247000D6AD7F /* CodableFeedStore.swift */; };
		29340AC12805B2E6000E3957 /* FeedCacheTestHelpers.swift in Sources */ = {isa = PBXBuildFile; fileRef = 29340AC02805B2E6000E3957 /* FeedCacheTestHelpers.swift */; };
		29340AC3280658DB000E3957 /* SharedTestHelpers.swift in Sources */ = {isa = PBXBuildFile; fileRef = 29340AC2280658DB000E3957 /* SharedTestHelpers.swift */; };
		293649CE2A35550C00883A04 /* FeedImagePresenter.swift in Sources */ = {isa = PBXBuildFile; fileRef = 293649CD2A35550C00883A04 /* FeedImagePresenter.swift */; };
		294636B32A3945D800E0A7E8 /* UIImageView+Animations.swift in Sources */ = {isa = PBXBuildFile; fileRef = 294636B22A3945D800E0A7E8 /* UIImageView+Animations.swift */; };
		294636B52A39460800E0A7E8 /* UITableView+Dequeueing.swift in Sources */ = {isa = PBXBuildFile; fileRef = 294636B42A39460800E0A7E8 /* UITableView+Dequeueing.swift */; };
		29477B1F283715A1000520AC /* EssentialFeediOS.framework in Frameworks */ = {isa = PBXBuildFile; fileRef = 29477B17283715A1000520AC /* EssentialFeediOS.framework */; };
		2952C6B52A3A971300B0BFDD /* FeedViewControllerTests+Localization.swift in Sources */ = {isa = PBXBuildFile; fileRef = 2952C6B32A3A967900B0BFDD /* FeedViewControllerTests+Localization.swift */; };
		295693D827E01AB70026960A /* XCTTestCase+MemoryLeakTrackingHelper.swift in Sources */ = {isa = PBXBuildFile; fileRef = 295693D727E01AB70026960A /* XCTTestCase+MemoryLeakTrackingHelper.swift */; };
		2959022D27E6BB1D00882C9A /* URLSessionHTTPClient.swift in Sources */ = {isa = PBXBuildFile; fileRef = 2959022C27E6BB1D00882C9A /* URLSessionHTTPClient.swift */; };
		2967A808280C707800F87603 /* FeedCachePolicy.swift in Sources */ = {isa = PBXBuildFile; fileRef = 2967A807280C707800F87603 /* FeedCachePolicy.swift */; };
		296B602D28510BBD0080790F /* FeedImageCellController.swift in Sources */ = {isa = PBXBuildFile; fileRef = 296B602C28510BBD0080790F /* FeedImageCellController.swift */; };
		296BAAD8280501BA00949AD0 /* ValidateFeedCacheUseCaseTests.swift in Sources */ = {isa = PBXBuildFile; fileRef = 296BAAD7280501BA00949AD0 /* ValidateFeedCacheUseCaseTests.swift */; };
		296F249D2A37E45C004C7222 /* Feed.storyboard in Resources */ = {isa = PBXBuildFile; fileRef = 296F249C2A37E45C004C7222 /* Feed.storyboard */; };
		296F249F2A37E4E9004C7222 /* Feed.xcassets in Resources */ = {isa = PBXBuildFile; fileRef = 296F249E2A37E4E9004C7222 /* Feed.xcassets */; };
		297783D32801B2C600222A26 /* LocalFeedLoader.swift in Sources */ = {isa = PBXBuildFile; fileRef = 297783D22801B2C600222A26 /* LocalFeedLoader.swift */; };
		297783D52801B3A200222A26 /* FeedStore.swift in Sources */ = {isa = PBXBuildFile; fileRef = 297783D42801B3A200222A26 /* FeedStore.swift */; };
		297783D72802623100222A26 /* LocalFeedImage.swift in Sources */ = {isa = PBXBuildFile; fileRef = 297783D62802623100222A26 /* LocalFeedImage.swift */; };
		297783D92802626A00222A26 /* RemoteFeedItem.swift in Sources */ = {isa = PBXBuildFile; fileRef = 297783D82802626A00222A26 /* RemoteFeedItem.swift */; };
		2984DEB627FD1765000FC965 /* CacheFeedUseCase.swift in Sources */ = {isa = PBXBuildFile; fileRef = 2984DEB527FD1765000FC965 /* CacheFeedUseCase.swift */; };
		298581A127B5825C00E005DA /* EssentialFeed.framework in Frameworks */ = {isa = PBXBuildFile; fileRef = 2985819827B5825C00E005DA /* EssentialFeed.framework */; };
		298581A727B5825C00E005DA /* EssentialFeed.h in Headers */ = {isa = PBXBuildFile; fileRef = 2985819B27B5825C00E005DA /* EssentialFeed.h */; settings = {ATTRIBUTES = (Public, ); }; };
		298581B127B582AF00E005DA /* FeedImage.swift in Sources */ = {isa = PBXBuildFile; fileRef = 298581B027B582AF00E005DA /* FeedImage.swift */; };
		298581B327B582CB00E005DA /* FeedLoader.swift in Sources */ = {isa = PBXBuildFile; fileRef = 298581B227B582CB00E005DA /* FeedLoader.swift */; };
		298581B727B583D300E005DA /* LoadFeedFromRemoteUseCaseTests.swift in Sources */ = {isa = PBXBuildFile; fileRef = 298581B627B583D300E005DA /* LoadFeedFromRemoteUseCaseTests.swift */; };
		298581BA27BA41F900E005DA /* RemoteFeedLoader.swift in Sources */ = {isa = PBXBuildFile; fileRef = 298581B927BA41F900E005DA /* RemoteFeedLoader.swift */; };
		2987480E27C65CA00055BB94 /* URLSessionHTTPClientTests.swift in Sources */ = {isa = PBXBuildFile; fileRef = 2987480D27C65CA00055BB94 /* URLSessionHTTPClientTests.swift */; };
		298F79A72A3DC8C1008EEDEB /* FeedPresenterTests.swift in Sources */ = {isa = PBXBuildFile; fileRef = 298F79A62A3DC8C1008EEDEB /* FeedPresenterTests.swift */; };
		2997AAFA27E8E2E500ACCFC8 /* XCTTestCase+MemoryLeakTrackingHelper.swift in Sources */ = {isa = PBXBuildFile; fileRef = 295693D727E01AB70026960A /* XCTTestCase+MemoryLeakTrackingHelper.swift */; };
		299F45DC28517B730082F263 /* FeedUIComposer.swift in Sources */ = {isa = PBXBuildFile; fileRef = 299F45DB28517B730082F263 /* FeedUIComposer.swift */; };
		299FBDA727FC8C3C00F62461 /* README.md in Resources */ = {isa = PBXBuildFile; fileRef = 299FBDA627FC8C3C00F62461 /* README.md */; };
		29A850362A3BD92500BDE319 /* FeedLocalizationTests.swift in Sources */ = {isa = PBXBuildFile; fileRef = 29A850352A3BD92500BDE319 /* FeedLocalizationTests.swift */; };
		29B43007283F0202008442AC /* FeedImageCell.swift in Sources */ = {isa = PBXBuildFile; fileRef = 29B43006283F0202008442AC /* FeedImageCell.swift */; };
		29B62F5327C393DC0026407D /* HTTPClient.swift in Sources */ = {isa = PBXBuildFile; fileRef = 29B62F5227C393DC0026407D /* HTTPClient.swift */; };
		29B62F5527C394C20026407D /* FeedItemsWrapper.swift in Sources */ = {isa = PBXBuildFile; fileRef = 29B62F5427C394C20026407D /* FeedItemsWrapper.swift */; };
		29C8CC9F283C594300FFA007 /* FeedUIIntegrationTests.swift in Sources */ = {isa = PBXBuildFile; fileRef = 29C8CC9C283C58B800FFA007 /* FeedUIIntegrationTests.swift */; };
		29C8CCA1283C6DAC00FFA007 /* EssentialFeed.framework in Frameworks */ = {isa = PBXBuildFile; fileRef = 2985819827B5825C00E005DA /* EssentialFeed.framework */; };
		29CA69C72802A971000DC6CA /* LoadFeedFromCacheUseCase.swift in Sources */ = {isa = PBXBuildFile; fileRef = 29CA69C62802A971000DC6CA /* LoadFeedFromCacheUseCase.swift */; };
		29CA69CA2802AAF2000DC6CA /* FeedStoreSpy.swift in Sources */ = {isa = PBXBuildFile; fileRef = 29CA69C92802AAF2000DC6CA /* FeedStoreSpy.swift */; };
		29D68C452A4276F80023D026 /* FeedPresenter.swift in Sources */ = {isa = PBXBuildFile; fileRef = 29D68C442A4276F80023D026 /* FeedPresenter.swift */; };
		29D68C462A42777A0023D026 /* Feed.strings in Resources */ = {isa = PBXBuildFile; fileRef = 29D68C412A42706F0023D026 /* Feed.strings */; };
		29D68C482A42781B0023D026 /* FeedViewModel.swift in Sources */ = {isa = PBXBuildFile; fileRef = 29D68C472A42781B0023D026 /* FeedViewModel.swift */; };
		29D68C4A2A4278370023D026 /* FeedLoadingViewModel.swift in Sources */ = {isa = PBXBuildFile; fileRef = 29D68C492A4278370023D026 /* FeedLoadingViewModel.swift */; };
		29D68C4C2A42785B0023D026 /* FeedErrorViewModel.swift in Sources */ = {isa = PBXBuildFile; fileRef = 29D68C4B2A42785B0023D026 /* FeedErrorViewModel.swift */; };
		29DA6F5B27E80043006919C4 /* EssentialFeedAPIEndToEndTest.swift in Sources */ = {isa = PBXBuildFile; fileRef = 29DA6F5A27E80043006919C4 /* EssentialFeedAPIEndToEndTest.swift */; };
		29DA6F5C27E80043006919C4 /* EssentialFeed.framework in Frameworks */ = {isa = PBXBuildFile; fileRef = 2985819827B5825C00E005DA /* EssentialFeed.framework */; };
		29E132C6280E3C2C00D17777 /* CodableFeedStoreTests.swift in Sources */ = {isa = PBXBuildFile; fileRef = 29E132C5280E3C2C00D17777 /* CodableFeedStoreTests.swift */; };
		29E593F8283D2D0C0086E67E /* XCTTestCase+MemoryLeakTrackingHelper.swift in Sources */ = {isa = PBXBuildFile; fileRef = 295693D727E01AB70026960A /* XCTTestCase+MemoryLeakTrackingHelper.swift */; };
		29E593FA283DB06F0086E67E /* FeedViewController.swift in Sources */ = {isa = PBXBuildFile; fileRef = 29E593F9283DB06F0086E67E /* FeedViewController.swift */; };
		29F4D34928483F330081EC91 /* FeedImageDataLoader.swift in Sources */ = {isa = PBXBuildFile; fileRef = 29F4D34828483F330081EC91 /* FeedImageDataLoader.swift */; };
		29F4D34B2848464D0081EC91 /* FeedRefreshViewController.swift in Sources */ = {isa = PBXBuildFile; fileRef = 29F4D34A2848464D0081EC91 /* FeedRefreshViewController.swift */; };
		29FE0701281ECB7B00C296E5 /* FeedStoreSpecs.swift in Sources */ = {isa = PBXBuildFile; fileRef = 29FE0700281ECB7B00C296E5 /* FeedStoreSpecs.swift */; };
		29FE0703281EEE1A00C296E5 /* XCTestCase+FeedStoreSpecs.swift in Sources */ = {isa = PBXBuildFile; fileRef = 29FE0702281EEE1A00C296E5 /* XCTestCase+FeedStoreSpecs.swift */; };
/* End PBXBuildFile section */

/* Begin PBXContainerItemProxy section */
		29477B20283715A1000520AC /* PBXContainerItemProxy */ = {
			isa = PBXContainerItemProxy;
			containerPortal = 2985818F27B5825C00E005DA /* Project object */;
			proxyType = 1;
			remoteGlobalIDString = 29477B16283715A1000520AC;
			remoteInfo = EssentialFeediOS;
		};
		298581A227B5825C00E005DA /* PBXContainerItemProxy */ = {
			isa = PBXContainerItemProxy;
			containerPortal = 2985818F27B5825C00E005DA /* Project object */;
			proxyType = 1;
			remoteGlobalIDString = 2985819727B5825C00E005DA;
			remoteInfo = EssentialFeed;
		};
		29DA6F5D27E80043006919C4 /* PBXContainerItemProxy */ = {
			isa = PBXContainerItemProxy;
			containerPortal = 2985818F27B5825C00E005DA /* Project object */;
			proxyType = 1;
			remoteGlobalIDString = 2985819727B5825C00E005DA;
			remoteInfo = EssentialFeed;
		};
/* End PBXContainerItemProxy section */

/* Begin PBXFileReference section */
		2901811B2A30183000FC6244 /* FeedImageViewModel.swift */ = {isa = PBXFileReference; lastKnownFileType = sourcecode.swift; path = FeedImageViewModel.swift; sourceTree = "<group>"; };
		2930CAF82845AB7D00F54E60 /* UIView+Shimmering.swift */ = {isa = PBXFileReference; lastKnownFileType = sourcecode.swift; path = "UIView+Shimmering.swift"; sourceTree = "<group>"; };
		2930E2D32A3E979500610762 /* ErrorView.swift */ = {isa = PBXFileReference; lastKnownFileType = sourcecode.swift; path = ErrorView.swift; sourceTree = "<group>"; };
		2930E2D72A3EB77100610762 /* UIRefreshControl+Helpers.swift */ = {isa = PBXFileReference; lastKnownFileType = sourcecode.swift; path = "UIRefreshControl+Helpers.swift"; sourceTree = "<group>"; };
		29328451281A247000D6AD7F /* CodableFeedStore.swift */ = {isa = PBXFileReference; lastKnownFileType = sourcecode.swift; path = CodableFeedStore.swift; sourceTree = "<group>"; };
		29340AC02805B2E6000E3957 /* FeedCacheTestHelpers.swift */ = {isa = PBXFileReference; lastKnownFileType = sourcecode.swift; path = FeedCacheTestHelpers.swift; sourceTree = "<group>"; };
		29340AC2280658DB000E3957 /* SharedTestHelpers.swift */ = {isa = PBXFileReference; lastKnownFileType = sourcecode.swift; path = SharedTestHelpers.swift; sourceTree = "<group>"; };
		293649CD2A35550C00883A04 /* FeedImagePresenter.swift */ = {isa = PBXFileReference; lastKnownFileType = sourcecode.swift; path = FeedImagePresenter.swift; sourceTree = "<group>"; };
		294636B22A3945D800E0A7E8 /* UIImageView+Animations.swift */ = {isa = PBXFileReference; lastKnownFileType = sourcecode.swift; path = "UIImageView+Animations.swift"; sourceTree = "<group>"; };
		294636B42A39460800E0A7E8 /* UITableView+Dequeueing.swift */ = {isa = PBXFileReference; lastKnownFileType = sourcecode.swift; path = "UITableView+Dequeueing.swift"; sourceTree = "<group>"; };
		29477B17283715A1000520AC /* EssentialFeediOS.framework */ = {isa = PBXFileReference; explicitFileType = wrapper.framework; includeInIndex = 0; path = EssentialFeediOS.framework; sourceTree = BUILT_PRODUCTS_DIR; };
		29477B1E283715A1000520AC /* EssentialFeediOSTests.xctest */ = {isa = PBXFileReference; explicitFileType = wrapper.cfbundle; includeInIndex = 0; path = EssentialFeediOSTests.xctest; sourceTree = BUILT_PRODUCTS_DIR; };
		2952C6B32A3A967900B0BFDD /* FeedViewControllerTests+Localization.swift */ = {isa = PBXFileReference; lastKnownFileType = sourcecode.swift; name = "FeedViewControllerTests+Localization.swift"; path = "EssentialFeediOSTests/Feed UI/Helpers/FeedViewControllerTests+Localization.swift"; sourceTree = SOURCE_ROOT; };
		295693D727E01AB70026960A /* XCTTestCase+MemoryLeakTrackingHelper.swift */ = {isa = PBXFileReference; lastKnownFileType = sourcecode.swift; path = "XCTTestCase+MemoryLeakTrackingHelper.swift"; sourceTree = "<group>"; };
		2959022C27E6BB1D00882C9A /* URLSessionHTTPClient.swift */ = {isa = PBXFileReference; lastKnownFileType = sourcecode.swift; path = URLSessionHTTPClient.swift; sourceTree = "<group>"; };
		2967A807280C707800F87603 /* FeedCachePolicy.swift */ = {isa = PBXFileReference; lastKnownFileType = sourcecode.swift; path = FeedCachePolicy.swift; sourceTree = "<group>"; };
		296B602C28510BBD0080790F /* FeedImageCellController.swift */ = {isa = PBXFileReference; lastKnownFileType = sourcecode.swift; path = FeedImageCellController.swift; sourceTree = "<group>"; };
		296BAAD7280501BA00949AD0 /* ValidateFeedCacheUseCaseTests.swift */ = {isa = PBXFileReference; lastKnownFileType = sourcecode.swift; path = ValidateFeedCacheUseCaseTests.swift; sourceTree = "<group>"; };
		296F249C2A37E45C004C7222 /* Feed.storyboard */ = {isa = PBXFileReference; lastKnownFileType = file.storyboard; path = Feed.storyboard; sourceTree = "<group>"; };
		296F249E2A37E4E9004C7222 /* Feed.xcassets */ = {isa = PBXFileReference; lastKnownFileType = folder.assetcatalog; path = Feed.xcassets; sourceTree = "<group>"; };
		297783D22801B2C600222A26 /* LocalFeedLoader.swift */ = {isa = PBXFileReference; lastKnownFileType = sourcecode.swift; path = LocalFeedLoader.swift; sourceTree = "<group>"; };
		297783D42801B3A200222A26 /* FeedStore.swift */ = {isa = PBXFileReference; lastKnownFileType = sourcecode.swift; path = FeedStore.swift; sourceTree = "<group>"; };
		297783D62802623100222A26 /* LocalFeedImage.swift */ = {isa = PBXFileReference; lastKnownFileType = sourcecode.swift; path = LocalFeedImage.swift; sourceTree = "<group>"; };
		297783D82802626A00222A26 /* RemoteFeedItem.swift */ = {isa = PBXFileReference; lastKnownFileType = sourcecode.swift; path = RemoteFeedItem.swift; sourceTree = "<group>"; };
		2984DEB527FD1765000FC965 /* CacheFeedUseCase.swift */ = {isa = PBXFileReference; lastKnownFileType = sourcecode.swift; path = CacheFeedUseCase.swift; sourceTree = "<group>"; };
		2985819827B5825C00E005DA /* EssentialFeed.framework */ = {isa = PBXFileReference; explicitFileType = wrapper.framework; includeInIndex = 0; path = EssentialFeed.framework; sourceTree = BUILT_PRODUCTS_DIR; };
		2985819B27B5825C00E005DA /* EssentialFeed.h */ = {isa = PBXFileReference; lastKnownFileType = sourcecode.c.h; path = EssentialFeed.h; sourceTree = "<group>"; };
		298581A027B5825C00E005DA /* EssentialFeedTests.xctest */ = {isa = PBXFileReference; explicitFileType = wrapper.cfbundle; includeInIndex = 0; path = EssentialFeedTests.xctest; sourceTree = BUILT_PRODUCTS_DIR; };
		298581B027B582AF00E005DA /* FeedImage.swift */ = {isa = PBXFileReference; lastKnownFileType = sourcecode.swift; path = FeedImage.swift; sourceTree = "<group>"; };
		298581B227B582CB00E005DA /* FeedLoader.swift */ = {isa = PBXFileReference; lastKnownFileType = sourcecode.swift; path = FeedLoader.swift; sourceTree = "<group>"; };
		298581B627B583D300E005DA /* LoadFeedFromRemoteUseCaseTests.swift */ = {isa = PBXFileReference; lastKnownFileType = sourcecode.swift; path = LoadFeedFromRemoteUseCaseTests.swift; sourceTree = "<group>"; };
		298581B927BA41F900E005DA /* RemoteFeedLoader.swift */ = {isa = PBXFileReference; lastKnownFileType = sourcecode.swift; path = RemoteFeedLoader.swift; sourceTree = "<group>"; };
		2987480D27C65CA00055BB94 /* URLSessionHTTPClientTests.swift */ = {isa = PBXFileReference; lastKnownFileType = sourcecode.swift; path = URLSessionHTTPClientTests.swift; sourceTree = "<group>"; };
		298F79A62A3DC8C1008EEDEB /* FeedPresenterTests.swift */ = {isa = PBXFileReference; lastKnownFileType = sourcecode.swift; path = FeedPresenterTests.swift; sourceTree = "<group>"; };
		299F45DB28517B730082F263 /* FeedUIComposer.swift */ = {isa = PBXFileReference; lastKnownFileType = sourcecode.swift; path = FeedUIComposer.swift; sourceTree = "<group>"; };
		299FBDA627FC8C3C00F62461 /* README.md */ = {isa = PBXFileReference; fileEncoding = 4; lastKnownFileType = net.daringfireball.markdown; path = README.md; sourceTree = "<group>"; };
		29A850352A3BD92500BDE319 /* FeedLocalizationTests.swift */ = {isa = PBXFileReference; lastKnownFileType = sourcecode.swift; path = FeedLocalizationTests.swift; sourceTree = "<group>"; };
		29B43006283F0202008442AC /* FeedImageCell.swift */ = {isa = PBXFileReference; lastKnownFileType = sourcecode.swift; path = FeedImageCell.swift; sourceTree = "<group>"; };
		29B62F5227C393DC0026407D /* HTTPClient.swift */ = {isa = PBXFileReference; lastKnownFileType = sourcecode.swift; path = HTTPClient.swift; sourceTree = "<group>"; };
		29B62F5427C394C20026407D /* FeedItemsWrapper.swift */ = {isa = PBXFileReference; lastKnownFileType = sourcecode.swift; path = FeedItemsWrapper.swift; sourceTree = "<group>"; };
		29C8CC9C283C58B800FFA007 /* FeedUIIntegrationTests.swift */ = {isa = PBXFileReference; lastKnownFileType = sourcecode.swift; name = FeedUIIntegrationTests.swift; path = "EssentialFeediOSTests/Feed UI/FeedUIIntegrationTests.swift"; sourceTree = SOURCE_ROOT; };
		29CA69C62802A971000DC6CA /* LoadFeedFromCacheUseCase.swift */ = {isa = PBXFileReference; lastKnownFileType = sourcecode.swift; path = LoadFeedFromCacheUseCase.swift; sourceTree = "<group>"; };
		29CA69C92802AAF2000DC6CA /* FeedStoreSpy.swift */ = {isa = PBXFileReference; lastKnownFileType = sourcecode.swift; path = FeedStoreSpy.swift; sourceTree = "<group>"; };
		29D68C402A42706F0023D026 /* en */ = {isa = PBXFileReference; lastKnownFileType = text.plist.strings; name = en; path = en.lproj/Feed.strings; sourceTree = "<group>"; };
		29D68C422A4270940023D026 /* sv */ = {isa = PBXFileReference; lastKnownFileType = text.plist.strings; name = sv; path = sv.lproj/Feed.strings; sourceTree = "<group>"; };
		29D68C442A4276F80023D026 /* FeedPresenter.swift */ = {isa = PBXFileReference; lastKnownFileType = sourcecode.swift; path = FeedPresenter.swift; sourceTree = "<group>"; };
		29D68C472A42781B0023D026 /* FeedViewModel.swift */ = {isa = PBXFileReference; lastKnownFileType = sourcecode.swift; path = FeedViewModel.swift; sourceTree = "<group>"; };
		29D68C492A4278370023D026 /* FeedLoadingViewModel.swift */ = {isa = PBXFileReference; lastKnownFileType = sourcecode.swift; path = FeedLoadingViewModel.swift; sourceTree = "<group>"; };
		29D68C4B2A42785B0023D026 /* FeedErrorViewModel.swift */ = {isa = PBXFileReference; lastKnownFileType = sourcecode.swift; path = FeedErrorViewModel.swift; sourceTree = "<group>"; };
		29DA6F5827E80043006919C4 /* EssentialFeedAPIEndToEndTest.xctest */ = {isa = PBXFileReference; explicitFileType = wrapper.cfbundle; includeInIndex = 0; path = EssentialFeedAPIEndToEndTest.xctest; sourceTree = BUILT_PRODUCTS_DIR; };
		29DA6F5A27E80043006919C4 /* EssentialFeedAPIEndToEndTest.swift */ = {isa = PBXFileReference; lastKnownFileType = sourcecode.swift; path = EssentialFeedAPIEndToEndTest.swift; sourceTree = "<group>"; };
		29E132C5280E3C2C00D17777 /* CodableFeedStoreTests.swift */ = {isa = PBXFileReference; lastKnownFileType = sourcecode.swift; path = CodableFeedStoreTests.swift; sourceTree = "<group>"; };
		29E593F9283DB06F0086E67E /* FeedViewController.swift */ = {isa = PBXFileReference; lastKnownFileType = sourcecode.swift; path = FeedViewController.swift; sourceTree = "<group>"; };
		29F4D34828483F330081EC91 /* FeedImageDataLoader.swift */ = {isa = PBXFileReference; lastKnownFileType = sourcecode.swift; path = FeedImageDataLoader.swift; sourceTree = "<group>"; };
		29F4D34A2848464D0081EC91 /* FeedRefreshViewController.swift */ = {isa = PBXFileReference; lastKnownFileType = sourcecode.swift; path = FeedRefreshViewController.swift; sourceTree = "<group>"; };
		29FE0700281ECB7B00C296E5 /* FeedStoreSpecs.swift */ = {isa = PBXFileReference; lastKnownFileType = sourcecode.swift; path = FeedStoreSpecs.swift; sourceTree = "<group>"; };
		29FE0702281EEE1A00C296E5 /* XCTestCase+FeedStoreSpecs.swift */ = {isa = PBXFileReference; lastKnownFileType = sourcecode.swift; path = "XCTestCase+FeedStoreSpecs.swift"; sourceTree = "<group>"; };
/* End PBXFileReference section */

/* Begin PBXFrameworksBuildPhase section */
		29477B14283715A1000520AC /* Frameworks */ = {
			isa = PBXFrameworksBuildPhase;
			buildActionMask = 2147483647;
			files = (
				29C8CCA1283C6DAC00FFA007 /* EssentialFeed.framework in Frameworks */,
			);
			runOnlyForDeploymentPostprocessing = 0;
		};
		29477B1B283715A1000520AC /* Frameworks */ = {
			isa = PBXFrameworksBuildPhase;
			buildActionMask = 2147483647;
			files = (
				29477B1F283715A1000520AC /* EssentialFeediOS.framework in Frameworks */,
			);
			runOnlyForDeploymentPostprocessing = 0;
		};
		2985819527B5825C00E005DA /* Frameworks */ = {
			isa = PBXFrameworksBuildPhase;
			buildActionMask = 2147483647;
			files = (
			);
			runOnlyForDeploymentPostprocessing = 0;
		};
		2985819D27B5825C00E005DA /* Frameworks */ = {
			isa = PBXFrameworksBuildPhase;
			buildActionMask = 2147483647;
			files = (
				298581A127B5825C00E005DA /* EssentialFeed.framework in Frameworks */,
			);
			runOnlyForDeploymentPostprocessing = 0;
		};
		29DA6F5527E80043006919C4 /* Frameworks */ = {
			isa = PBXFrameworksBuildPhase;
			buildActionMask = 2147483647;
			files = (
				29DA6F5C27E80043006919C4 /* EssentialFeed.framework in Frameworks */,
			);
			runOnlyForDeploymentPostprocessing = 0;
		};
/* End PBXFrameworksBuildPhase section */

/* Begin PBXGroup section */
		290246F32A32A6A100E2C8C0 /* Feed Presentation */ = {
			isa = PBXGroup;
			children = (
				2901811B2A30183000FC6244 /* FeedImageViewModel.swift */,
				293649CD2A35550C00883A04 /* FeedImagePresenter.swift */,
			);
			path = "Feed Presentation";
			sourceTree = "<group>";
		};
		29477B18283715A1000520AC /* EssentialFeediOS */ = {
			isa = PBXGroup;
			children = (
				290246F32A32A6A100E2C8C0 /* Feed Presentation */,
				29F4D34528483EDE0081EC91 /* Feed UI */,
				29F4D34428483ED00081EC91 /* Feed Image Loader */,
			);
			path = EssentialFeediOS;
			sourceTree = "<group>";
		};
		29477B22283715A1000520AC /* EssentialFeediOSTests */ = {
			isa = PBXGroup;
			children = (
				29A850342A3BD69C00BDE319 /* Feed Presentation */,
				2952C6B62A3A981600B0BFDD /* Feed UI */,
			);
			path = EssentialFeediOSTests;
			sourceTree = "<group>";
		};
		2952C6B62A3A981600B0BFDD /* Feed UI */ = {
			isa = PBXGroup;
			children = (
				29C8CC9C283C58B800FFA007 /* FeedUIIntegrationTests.swift */,
				2952C6B72A3A982200B0BFDD /* Helpers */,
			);
			path = "Feed UI";
			sourceTree = "<group>";
		};
		2952C6B72A3A982200B0BFDD /* Helpers */ = {
			isa = PBXGroup;
			children = (
				2952C6B32A3A967900B0BFDD /* FeedViewControllerTests+Localization.swift */,
			);
			path = Helpers;
			sourceTree = "<group>";
		};
		295693D627E01A7E0026960A /* Helpers */ = {
			isa = PBXGroup;
			children = (
				295693D727E01AB70026960A /* XCTTestCase+MemoryLeakTrackingHelper.swift */,
				29340AC2280658DB000E3957 /* SharedTestHelpers.swift */,
			);
			path = Helpers;
			sourceTree = "<group>";
		};
		297783D12801B2A800222A26 /* Feed Cache */ = {
			isa = PBXGroup;
			children = (
				297783D22801B2C600222A26 /* LocalFeedLoader.swift */,
				297783D42801B3A200222A26 /* FeedStore.swift */,
				297783D62802623100222A26 /* LocalFeedImage.swift */,
				2967A807280C707800F87603 /* FeedCachePolicy.swift */,
				29328451281A247000D6AD7F /* CodableFeedStore.swift */,
			);
			path = "Feed Cache";
			sourceTree = "<group>";
		};
		2984DEB427FD169F000FC965 /* Feed Cache */ = {
			isa = PBXGroup;
			children = (
				29CA69C82802AADD000DC6CA /* Helpers */,
				2984DEB527FD1765000FC965 /* CacheFeedUseCase.swift */,
				29CA69C62802A971000DC6CA /* LoadFeedFromCacheUseCase.swift */,
				296BAAD7280501BA00949AD0 /* ValidateFeedCacheUseCaseTests.swift */,
				29E132C5280E3C2C00D17777 /* CodableFeedStoreTests.swift */,
				29FE0700281ECB7B00C296E5 /* FeedStoreSpecs.swift */,
				29FE0702281EEE1A00C296E5 /* XCTestCase+FeedStoreSpecs.swift */,
			);
			path = "Feed Cache";
			sourceTree = "<group>";
		};
		2985818E27B5825C00E005DA = {
			isa = PBXGroup;
			children = (
				299FBDA627FC8C3C00F62461 /* README.md */,
				2985819A27B5825C00E005DA /* EssentialFeed */,
				298581A427B5825C00E005DA /* EssentialFeedTests */,
				29DA6F5927E80043006919C4 /* EssentialFeedAPIEndToEndTest */,
				29477B18283715A1000520AC /* EssentialFeediOS */,
				29477B22283715A1000520AC /* EssentialFeediOSTests */,
				2985819927B5825C00E005DA /* Products */,
				29C8CCA0283C6DAC00FFA007 /* Frameworks */,
			);
			sourceTree = "<group>";
		};
		2985819927B5825C00E005DA /* Products */ = {
			isa = PBXGroup;
			children = (
				2985819827B5825C00E005DA /* EssentialFeed.framework */,
				298581A027B5825C00E005DA /* EssentialFeedTests.xctest */,
				29DA6F5827E80043006919C4 /* EssentialFeedAPIEndToEndTest.xctest */,
				29477B17283715A1000520AC /* EssentialFeediOS.framework */,
				29477B1E283715A1000520AC /* EssentialFeediOSTests.xctest */,
			);
			name = Products;
			sourceTree = "<group>";
		};
		2985819A27B5825C00E005DA /* EssentialFeed */ = {
			isa = PBXGroup;
			children = (
				29D68C432A4276C90023D026 /* Feed Presentation */,
				297783D12801B2A800222A26 /* Feed Cache */,
				29B62F5127C392F50026407D /* Feed Feature */,
				298581B827BA41DD00E005DA /* FeedAPI */,
				2985819B27B5825C00E005DA /* EssentialFeed.h */,
			);
			path = EssentialFeed;
			sourceTree = "<group>";
		};
		298581A427B5825C00E005DA /* EssentialFeedTests */ = {
			isa = PBXGroup;
			children = (
				298F79A52A3DC89D008EEDEB /* Feed Presentation */,
				295693D627E01A7E0026960A /* Helpers */,
				2984DEB427FD169F000FC965 /* Feed Cache */,
				29B62F5627C3BE600026407D /* FeedAPI */,
			);
			path = EssentialFeedTests;
			sourceTree = "<group>";
		};
		298581B827BA41DD00E005DA /* FeedAPI */ = {
			isa = PBXGroup;
			children = (
				298581B927BA41F900E005DA /* RemoteFeedLoader.swift */,
				29B62F5227C393DC0026407D /* HTTPClient.swift */,
				29B62F5427C394C20026407D /* FeedItemsWrapper.swift */,
				2959022C27E6BB1D00882C9A /* URLSessionHTTPClient.swift */,
				297783D82802626A00222A26 /* RemoteFeedItem.swift */,
			);
			path = FeedAPI;
			sourceTree = "<group>";
		};
		298F79A52A3DC89D008EEDEB /* Feed Presentation */ = {
			isa = PBXGroup;
			children = (
				298F79A62A3DC8C1008EEDEB /* FeedPresenterTests.swift */,
			);
			path = "Feed Presentation";
			sourceTree = "<group>";
		};
		299F45DA28517B640082F263 /* Composer */ = {
			isa = PBXGroup;
			children = (
				299F45DB28517B730082F263 /* FeedUIComposer.swift */,
			);
			path = Composer;
			sourceTree = "<group>";
		};
		29A850342A3BD69C00BDE319 /* Feed Presentation */ = {
			isa = PBXGroup;
			children = (
				29A850352A3BD92500BDE319 /* FeedLocalizationTests.swift */,
			);
			path = "Feed Presentation";
			sourceTree = "<group>";
		};
		29B62F5127C392F50026407D /* Feed Feature */ = {
			isa = PBXGroup;
			children = (
				298581B027B582AF00E005DA /* FeedImage.swift */,
				298581B227B582CB00E005DA /* FeedLoader.swift */,
			);
			path = "Feed Feature";
			sourceTree = "<group>";
		};
		29B62F5627C3BE600026407D /* FeedAPI */ = {
			isa = PBXGroup;
			children = (
				298581B627B583D300E005DA /* LoadFeedFromRemoteUseCaseTests.swift */,
				2987480D27C65CA00055BB94 /* URLSessionHTTPClientTests.swift */,
			);
			path = FeedAPI;
			sourceTree = "<group>";
		};
		29C8CCA0283C6DAC00FFA007 /* Frameworks */ = {
			isa = PBXGroup;
			children = (
			);
			name = Frameworks;
			sourceTree = "<group>";
		};
		29CA69C82802AADD000DC6CA /* Helpers */ = {
			isa = PBXGroup;
			children = (
				29CA69C92802AAF2000DC6CA /* FeedStoreSpy.swift */,
				29340AC02805B2E6000E3957 /* FeedCacheTestHelpers.swift */,
			);
			path = Helpers;
			sourceTree = "<group>";
		};
		29D68C432A4276C90023D026 /* Feed Presentation */ = {
			isa = PBXGroup;
			children = (
				29D68C442A4276F80023D026 /* FeedPresenter.swift */,
				29D68C412A42706F0023D026 /* Feed.strings */,
				29D68C472A42781B0023D026 /* FeedViewModel.swift */,
				29D68C492A4278370023D026 /* FeedLoadingViewModel.swift */,
				29D68C4B2A42785B0023D026 /* FeedErrorViewModel.swift */,
			);
			path = "Feed Presentation";
			sourceTree = "<group>";
		};
		29DA6F5927E80043006919C4 /* EssentialFeedAPIEndToEndTest */ = {
			isa = PBXGroup;
			children = (
				29DA6F5A27E80043006919C4 /* EssentialFeedAPIEndToEndTest.swift */,
			);
			path = EssentialFeedAPIEndToEndTest;
			sourceTree = "<group>";
		};
		29F4D34428483ED00081EC91 /* Feed Image Loader */ = {
			isa = PBXGroup;
			children = (
				29F4D34828483F330081EC91 /* FeedImageDataLoader.swift */,
			);
			path = "Feed Image Loader";
			sourceTree = "<group>";
		};
		29F4D34528483EDE0081EC91 /* Feed UI */ = {
			isa = PBXGroup;
			children = (
				299F45DA28517B640082F263 /* Composer */,
				29F4D34728483EF50081EC91 /* Views */,
				29F4D34628483EEA0081EC91 /* Controllers */,
			);
			path = "Feed UI";
			sourceTree = "<group>";
		};
		29F4D34628483EEA0081EC91 /* Controllers */ = {
			isa = PBXGroup;
			children = (
				29E593F9283DB06F0086E67E /* FeedViewController.swift */,
				29F4D34A2848464D0081EC91 /* FeedRefreshViewController.swift */,
				296B602C28510BBD0080790F /* FeedImageCellController.swift */,
			);
			path = Controllers;
			sourceTree = "<group>";
		};
		29F4D34728483EF50081EC91 /* Views */ = {
			isa = PBXGroup;
			children = (
				29B43006283F0202008442AC /* FeedImageCell.swift */,
				2930CAF82845AB7D00F54E60 /* UIView+Shimmering.swift */,
				294636B22A3945D800E0A7E8 /* UIImageView+Animations.swift */,
				296F249C2A37E45C004C7222 /* Feed.storyboard */,
				296F249E2A37E4E9004C7222 /* Feed.xcassets */,
				294636B42A39460800E0A7E8 /* UITableView+Dequeueing.swift */,
				2930E2D32A3E979500610762 /* ErrorView.swift */,
				2930E2D72A3EB77100610762 /* UIRefreshControl+Helpers.swift */,
			);
			path = Views;
			sourceTree = "<group>";
		};
/* End PBXGroup section */

/* Begin PBXHeadersBuildPhase section */
		29477B12283715A1000520AC /* Headers */ = {
			isa = PBXHeadersBuildPhase;
			buildActionMask = 2147483647;
			files = (
			);
			runOnlyForDeploymentPostprocessing = 0;
		};
		2985819327B5825C00E005DA /* Headers */ = {
			isa = PBXHeadersBuildPhase;
			buildActionMask = 2147483647;
			files = (
				298581A727B5825C00E005DA /* EssentialFeed.h in Headers */,
			);
			runOnlyForDeploymentPostprocessing = 0;
		};
/* End PBXHeadersBuildPhase section */

/* Begin PBXNativeTarget section */
		29477B16283715A1000520AC /* EssentialFeediOS */ = {
			isa = PBXNativeTarget;
			buildConfigurationList = 29477B26283715A1000520AC /* Build configuration list for PBXNativeTarget "EssentialFeediOS" */;
			buildPhases = (
				29477B12283715A1000520AC /* Headers */,
				29477B13283715A1000520AC /* Sources */,
				29477B14283715A1000520AC /* Frameworks */,
				29477B15283715A1000520AC /* Resources */,
			);
			buildRules = (
			);
			dependencies = (
			);
			name = EssentialFeediOS;
			productName = EssentialFeediOS;
			productReference = 29477B17283715A1000520AC /* EssentialFeediOS.framework */;
			productType = "com.apple.product-type.framework";
		};
		29477B1D283715A1000520AC /* EssentialFeediOSTests */ = {
			isa = PBXNativeTarget;
			buildConfigurationList = 29477B29283715A1000520AC /* Build configuration list for PBXNativeTarget "EssentialFeediOSTests" */;
			buildPhases = (
				29477B1A283715A1000520AC /* Sources */,
				29477B1B283715A1000520AC /* Frameworks */,
				29477B1C283715A1000520AC /* Resources */,
			);
			buildRules = (
			);
			dependencies = (
				29477B21283715A1000520AC /* PBXTargetDependency */,
			);
			name = EssentialFeediOSTests;
			productName = EssentialFeediOSTests;
			productReference = 29477B1E283715A1000520AC /* EssentialFeediOSTests.xctest */;
			productType = "com.apple.product-type.bundle.unit-test";
		};
		2985819727B5825C00E005DA /* EssentialFeed */ = {
			isa = PBXNativeTarget;
			buildConfigurationList = 298581AA27B5825C00E005DA /* Build configuration list for PBXNativeTarget "EssentialFeed" */;
			buildPhases = (
				2985819327B5825C00E005DA /* Headers */,
				2985819427B5825C00E005DA /* Sources */,
				2985819527B5825C00E005DA /* Frameworks */,
				2985819627B5825C00E005DA /* Resources */,
			);
			buildRules = (
			);
			dependencies = (
			);
			name = EssentialFeed;
			productName = EssentialFeed;
			productReference = 2985819827B5825C00E005DA /* EssentialFeed.framework */;
			productType = "com.apple.product-type.framework";
		};
		2985819F27B5825C00E005DA /* EssentialFeedTests */ = {
			isa = PBXNativeTarget;
			buildConfigurationList = 298581AD27B5825C00E005DA /* Build configuration list for PBXNativeTarget "EssentialFeedTests" */;
			buildPhases = (
				2985819C27B5825C00E005DA /* Sources */,
				2985819D27B5825C00E005DA /* Frameworks */,
				2985819E27B5825C00E005DA /* Resources */,
			);
			buildRules = (
			);
			dependencies = (
				298581A327B5825C00E005DA /* PBXTargetDependency */,
			);
			name = EssentialFeedTests;
			productName = EssentialFeedTests;
			productReference = 298581A027B5825C00E005DA /* EssentialFeedTests.xctest */;
			productType = "com.apple.product-type.bundle.unit-test";
		};
		29DA6F5727E80043006919C4 /* EssentialFeedAPIEndToEndTest */ = {
			isa = PBXNativeTarget;
			buildConfigurationList = 29DA6F5F27E80043006919C4 /* Build configuration list for PBXNativeTarget "EssentialFeedAPIEndToEndTest" */;
			buildPhases = (
				29DA6F5427E80043006919C4 /* Sources */,
				29DA6F5527E80043006919C4 /* Frameworks */,
				29DA6F5627E80043006919C4 /* Resources */,
			);
			buildRules = (
			);
			dependencies = (
				29DA6F5E27E80043006919C4 /* PBXTargetDependency */,
			);
			name = EssentialFeedAPIEndToEndTest;
			productName = EssentialFeedAPIEndToEndTest;
			productReference = 29DA6F5827E80043006919C4 /* EssentialFeedAPIEndToEndTest.xctest */;
			productType = "com.apple.product-type.bundle.unit-test";
		};
/* End PBXNativeTarget section */

/* Begin PBXProject section */
		2985818F27B5825C00E005DA /* Project object */ = {
			isa = PBXProject;
			attributes = {
				BuildIndependentTargetsInParallel = 1;
				LastSwiftUpdateCheck = 1330;
				LastUpgradeCheck = 1300;
				TargetAttributes = {
					29477B16283715A1000520AC = {
						CreatedOnToolsVersion = 13.3;
						LastSwiftMigration = 1330;
					};
					29477B1D283715A1000520AC = {
						CreatedOnToolsVersion = 13.3;
					};
					2985819727B5825C00E005DA = {
						CreatedOnToolsVersion = 13.0;
						LastSwiftMigration = 1300;
					};
					2985819F27B5825C00E005DA = {
						CreatedOnToolsVersion = 13.0;
					};
					29DA6F5727E80043006919C4 = {
						CreatedOnToolsVersion = 13.2.1;
					};
				};
			};
			buildConfigurationList = 2985819227B5825C00E005DA /* Build configuration list for PBXProject "EssentialFeed" */;
			compatibilityVersion = "Xcode 13.0";
			developmentRegion = en;
			hasScannedForEncodings = 0;
			knownRegions = (
				en,
				Base,
				sv,
			);
			mainGroup = 2985818E27B5825C00E005DA;
			productRefGroup = 2985819927B5825C00E005DA /* Products */;
			projectDirPath = "";
			projectRoot = "";
			targets = (
				2985819727B5825C00E005DA /* EssentialFeed */,
				2985819F27B5825C00E005DA /* EssentialFeedTests */,
				29DA6F5727E80043006919C4 /* EssentialFeedAPIEndToEndTest */,
				29477B16283715A1000520AC /* EssentialFeediOS */,
				29477B1D283715A1000520AC /* EssentialFeediOSTests */,
			);
		};
/* End PBXProject section */

/* Begin PBXResourcesBuildPhase section */
		29477B15283715A1000520AC /* Resources */ = {
			isa = PBXResourcesBuildPhase;
			buildActionMask = 2147483647;
			files = (
				296F249D2A37E45C004C7222 /* Feed.storyboard in Resources */,
				296F249F2A37E4E9004C7222 /* Feed.xcassets in Resources */,
			);
			runOnlyForDeploymentPostprocessing = 0;
		};
		29477B1C283715A1000520AC /* Resources */ = {
			isa = PBXResourcesBuildPhase;
			buildActionMask = 2147483647;
			files = (
			);
			runOnlyForDeploymentPostprocessing = 0;
		};
		2985819627B5825C00E005DA /* Resources */ = {
			isa = PBXResourcesBuildPhase;
			buildActionMask = 2147483647;
			files = (
				29D68C462A42777A0023D026 /* Feed.strings in Resources */,
				299FBDA727FC8C3C00F62461 /* README.md in Resources */,
			);
			runOnlyForDeploymentPostprocessing = 0;
		};
		2985819E27B5825C00E005DA /* Resources */ = {
			isa = PBXResourcesBuildPhase;
			buildActionMask = 2147483647;
			files = (
			);
			runOnlyForDeploymentPostprocessing = 0;
		};
		29DA6F5627E80043006919C4 /* Resources */ = {
			isa = PBXResourcesBuildPhase;
			buildActionMask = 2147483647;
			files = (
			);
			runOnlyForDeploymentPostprocessing = 0;
		};
/* End PBXResourcesBuildPhase section */

/* Begin PBXSourcesBuildPhase section */
		29477B13283715A1000520AC /* Sources */ = {
			isa = PBXSourcesBuildPhase;
			buildActionMask = 2147483647;
			files = (
				29F4D34928483F330081EC91 /* FeedImageDataLoader.swift in Sources */,
				29F4D34B2848464D0081EC91 /* FeedRefreshViewController.swift in Sources */,
				2930E2D82A3EB77100610762 /* UIRefreshControl+Helpers.swift in Sources */,
				2930CAF92845AB7D00F54E60 /* UIView+Shimmering.swift in Sources */,
				293649CE2A35550C00883A04 /* FeedImagePresenter.swift in Sources */,
				294636B32A3945D800E0A7E8 /* UIImageView+Animations.swift in Sources */,
				29E593FA283DB06F0086E67E /* FeedViewController.swift in Sources */,
				29B43007283F0202008442AC /* FeedImageCell.swift in Sources */,
				2930E2D42A3E979500610762 /* ErrorView.swift in Sources */,
				2901811C2A30183000FC6244 /* FeedImageViewModel.swift in Sources */,
				294636B52A39460800E0A7E8 /* UITableView+Dequeueing.swift in Sources */,
				296B602D28510BBD0080790F /* FeedImageCellController.swift in Sources */,
				299F45DC28517B730082F263 /* FeedUIComposer.swift in Sources */,
			);
			runOnlyForDeploymentPostprocessing = 0;
		};
		29477B1A283715A1000520AC /* Sources */ = {
			isa = PBXSourcesBuildPhase;
			buildActionMask = 2147483647;
			files = (
				29E593F8283D2D0C0086E67E /* XCTTestCase+MemoryLeakTrackingHelper.swift in Sources */,
				29C8CC9F283C594300FFA007 /* FeedUIIntegrationTests.swift in Sources */,
				29A850362A3BD92500BDE319 /* FeedLocalizationTests.swift in Sources */,
				2952C6B52A3A971300B0BFDD /* FeedViewControllerTests+Localization.swift in Sources */,
			);
			runOnlyForDeploymentPostprocessing = 0;
		};
		2985819427B5825C00E005DA /* Sources */ = {
			isa = PBXSourcesBuildPhase;
			buildActionMask = 2147483647;
			files = (
				29D68C482A42781B0023D026 /* FeedViewModel.swift in Sources */,
				29D68C452A4276F80023D026 /* FeedPresenter.swift in Sources */,
				298581B327B582CB00E005DA /* FeedLoader.swift in Sources */,
				298581BA27BA41F900E005DA /* RemoteFeedLoader.swift in Sources */,
				29B62F5327C393DC0026407D /* HTTPClient.swift in Sources */,
				2967A808280C707800F87603 /* FeedCachePolicy.swift in Sources */,
				297783D52801B3A200222A26 /* FeedStore.swift in Sources */,
				29D68C4A2A4278370023D026 /* FeedLoadingViewModel.swift in Sources */,
				297783D72802623100222A26 /* LocalFeedImage.swift in Sources */,
				297783D32801B2C600222A26 /* LocalFeedLoader.swift in Sources */,
				297783D92802626A00222A26 /* RemoteFeedItem.swift in Sources */,
				29328452281A247000D6AD7F /* CodableFeedStore.swift in Sources */,
				298581B127B582AF00E005DA /* FeedImage.swift in Sources */,
				29D68C4C2A42785B0023D026 /* FeedErrorViewModel.swift in Sources */,
				29B62F5527C394C20026407D /* FeedItemsWrapper.swift in Sources */,
				2959022D27E6BB1D00882C9A /* URLSessionHTTPClient.swift in Sources */,
			);
			runOnlyForDeploymentPostprocessing = 0;
		};
		2985819C27B5825C00E005DA /* Sources */ = {
			isa = PBXSourcesBuildPhase;
			buildActionMask = 2147483647;
			files = (
				298F79A72A3DC8C1008EEDEB /* FeedPresenterTests.swift in Sources */,
				29FE0703281EEE1A00C296E5 /* XCTestCase+FeedStoreSpecs.swift in Sources */,
				29E132C6280E3C2C00D17777 /* CodableFeedStoreTests.swift in Sources */,
				295693D827E01AB70026960A /* XCTTestCase+MemoryLeakTrackingHelper.swift in Sources */,
				298581B727B583D300E005DA /* LoadFeedFromRemoteUseCaseTests.swift in Sources */,
				29340AC3280658DB000E3957 /* SharedTestHelpers.swift in Sources */,
				29CA69C72802A971000DC6CA /* LoadFeedFromCacheUseCase.swift in Sources */,
				2987480E27C65CA00055BB94 /* URLSessionHTTPClientTests.swift in Sources */,
				29340AC12805B2E6000E3957 /* FeedCacheTestHelpers.swift in Sources */,
				296BAAD8280501BA00949AD0 /* ValidateFeedCacheUseCaseTests.swift in Sources */,
				29CA69CA2802AAF2000DC6CA /* FeedStoreSpy.swift in Sources */,
				2984DEB627FD1765000FC965 /* CacheFeedUseCase.swift in Sources */,
				29FE0701281ECB7B00C296E5 /* FeedStoreSpecs.swift in Sources */,
			);
			runOnlyForDeploymentPostprocessing = 0;
		};
		29DA6F5427E80043006919C4 /* Sources */ = {
			isa = PBXSourcesBuildPhase;
			buildActionMask = 2147483647;
			files = (
				2997AAFA27E8E2E500ACCFC8 /* XCTTestCase+MemoryLeakTrackingHelper.swift in Sources */,
				29DA6F5B27E80043006919C4 /* EssentialFeedAPIEndToEndTest.swift in Sources */,
			);
			runOnlyForDeploymentPostprocessing = 0;
		};
/* End PBXSourcesBuildPhase section */

/* Begin PBXTargetDependency section */
		29477B21283715A1000520AC /* PBXTargetDependency */ = {
			isa = PBXTargetDependency;
			target = 29477B16283715A1000520AC /* EssentialFeediOS */;
			targetProxy = 29477B20283715A1000520AC /* PBXContainerItemProxy */;
		};
		298581A327B5825C00E005DA /* PBXTargetDependency */ = {
			isa = PBXTargetDependency;
			target = 2985819727B5825C00E005DA /* EssentialFeed */;
			targetProxy = 298581A227B5825C00E005DA /* PBXContainerItemProxy */;
		};
		29DA6F5E27E80043006919C4 /* PBXTargetDependency */ = {
			isa = PBXTargetDependency;
			target = 2985819727B5825C00E005DA /* EssentialFeed */;
			targetProxy = 29DA6F5D27E80043006919C4 /* PBXContainerItemProxy */;
		};
/* End PBXTargetDependency section */

/* Begin PBXVariantGroup section */
		29D68C412A42706F0023D026 /* Feed.strings */ = {
			isa = PBXVariantGroup;
			children = (
				29D68C402A42706F0023D026 /* en */,
				29D68C422A4270940023D026 /* sv */,
			);
			name = Feed.strings;
			sourceTree = "<group>";
		};
/* End PBXVariantGroup section */

/* Begin XCBuildConfiguration section */
		29477B27283715A1000520AC /* Debug */ = {
			isa = XCBuildConfiguration;
			buildSettings = {
				CLANG_ENABLE_MODULES = YES;
				CODE_SIGN_STYLE = Manual;
				CURRENT_PROJECT_VERSION = 1;
				DEFINES_MODULE = YES;
				DEVELOPMENT_TEAM = "";
				DYLIB_COMPATIBILITY_VERSION = 1;
				DYLIB_CURRENT_VERSION = 1;
				DYLIB_INSTALL_NAME_BASE = "@rpath";
				GENERATE_INFOPLIST_FILE = YES;
				INFOPLIST_KEY_NSHumanReadableCopyright = "";
				INSTALL_PATH = "$(LOCAL_LIBRARY_DIR)/Frameworks";
				IPHONEOS_DEPLOYMENT_TARGET = 16.0;
				LD_RUNPATH_SEARCH_PATHS = (
					"$(inherited)",
					"@executable_path/Frameworks",
					"@loader_path/Frameworks",
				);
				MARKETING_VERSION = 1.0;
				PRODUCT_BUNDLE_IDENTIFIER = com.sk.EssentialFeediOS.EssentialFeediOS;
				PRODUCT_NAME = "$(TARGET_NAME:c99extidentifier)";
				PROVISIONING_PROFILE_SPECIFIER = "";
				SDKROOT = iphoneos;
				SKIP_INSTALL = YES;
				SUPPORTS_MACCATALYST = NO;
				SWIFT_EMIT_LOC_STRINGS = YES;
				SWIFT_OPTIMIZATION_LEVEL = "-Onone";
				SWIFT_VERSION = 5.0;
				TARGETED_DEVICE_FAMILY = "1,2";
			};
			name = Debug;
		};
		29477B28283715A1000520AC /* Release */ = {
			isa = XCBuildConfiguration;
			buildSettings = {
				CLANG_ENABLE_MODULES = YES;
				CODE_SIGN_STYLE = Manual;
				CURRENT_PROJECT_VERSION = 1;
				DEFINES_MODULE = YES;
				DEVELOPMENT_TEAM = "";
				DYLIB_COMPATIBILITY_VERSION = 1;
				DYLIB_CURRENT_VERSION = 1;
				DYLIB_INSTALL_NAME_BASE = "@rpath";
				GENERATE_INFOPLIST_FILE = YES;
				INFOPLIST_KEY_NSHumanReadableCopyright = "";
				INSTALL_PATH = "$(LOCAL_LIBRARY_DIR)/Frameworks";
				IPHONEOS_DEPLOYMENT_TARGET = 16.0;
				LD_RUNPATH_SEARCH_PATHS = (
					"$(inherited)",
					"@executable_path/Frameworks",
					"@loader_path/Frameworks",
				);
				MARKETING_VERSION = 1.0;
				PRODUCT_BUNDLE_IDENTIFIER = com.sk.EssentialFeediOS.EssentialFeediOS;
				PRODUCT_NAME = "$(TARGET_NAME:c99extidentifier)";
				PROVISIONING_PROFILE_SPECIFIER = "";
				SDKROOT = iphoneos;
				SKIP_INSTALL = YES;
				SUPPORTS_MACCATALYST = NO;
				SWIFT_EMIT_LOC_STRINGS = YES;
				SWIFT_VERSION = 5.0;
				TARGETED_DEVICE_FAMILY = "1,2";
				VALIDATE_PRODUCT = YES;
			};
			name = Release;
		};
		29477B2A283715A1000520AC /* Debug */ = {
			isa = XCBuildConfiguration;
			buildSettings = {
				ALWAYS_EMBED_SWIFT_STANDARD_LIBRARIES = YES;
				"CODE_SIGN_IDENTITY[sdk=macosx*]" = "-";
				CODE_SIGN_STYLE = Manual;
				CURRENT_PROJECT_VERSION = 1;
				DEVELOPMENT_TEAM = "";
				GENERATE_INFOPLIST_FILE = YES;
				IPHONEOS_DEPLOYMENT_TARGET = 16.0;
				MARKETING_VERSION = 1.0;
				PRODUCT_BUNDLE_IDENTIFIER = com.sk.EssentialFeediOS.EssentialFeediOSTests;
				"PRODUCT_BUNDLE_IDENTIFIER[sdk=macosx*]" = "";
				PRODUCT_NAME = "$(TARGET_NAME)";
				PROVISIONING_PROFILE_SPECIFIER = "";
				"PROVISIONING_PROFILE_SPECIFIER[sdk=macosx*]" = "";
				SDKROOT = iphoneos;
				SWIFT_EMIT_LOC_STRINGS = NO;
				SWIFT_VERSION = 5.0;
				TARGETED_DEVICE_FAMILY = "1,2";
			};
			name = Debug;
		};
		29477B2B283715A1000520AC /* Release */ = {
			isa = XCBuildConfiguration;
			buildSettings = {
				ALWAYS_EMBED_SWIFT_STANDARD_LIBRARIES = YES;
				"CODE_SIGN_IDENTITY[sdk=macosx*]" = "-";
				CODE_SIGN_STYLE = Manual;
				CURRENT_PROJECT_VERSION = 1;
				DEVELOPMENT_TEAM = "";
				GENERATE_INFOPLIST_FILE = YES;
				IPHONEOS_DEPLOYMENT_TARGET = 16.0;
				MARKETING_VERSION = 1.0;
				PRODUCT_BUNDLE_IDENTIFIER = com.sk.EssentialFeediOS.EssentialFeediOSTests;
				"PRODUCT_BUNDLE_IDENTIFIER[sdk=macosx*]" = "";
				PRODUCT_NAME = "$(TARGET_NAME)";
				PROVISIONING_PROFILE_SPECIFIER = "";
				"PROVISIONING_PROFILE_SPECIFIER[sdk=macosx*]" = "";
				SDKROOT = iphoneos;
				SWIFT_EMIT_LOC_STRINGS = NO;
				SWIFT_VERSION = 5.0;
				TARGETED_DEVICE_FAMILY = "1,2";
				VALIDATE_PRODUCT = YES;
			};
			name = Release;
		};
		298581A827B5825C00E005DA /* Debug */ = {
			isa = XCBuildConfiguration;
			buildSettings = {
				ALWAYS_SEARCH_USER_PATHS = NO;
				CLANG_ANALYZER_LOCALIZABILITY_NONLOCALIZED = YES;
				CLANG_ANALYZER_NONNULL = YES;
				CLANG_ANALYZER_NUMBER_OBJECT_CONVERSION = YES_AGGRESSIVE;
				CLANG_CXX_LANGUAGE_STANDARD = "gnu++17";
				CLANG_CXX_LIBRARY = "libc++";
				CLANG_ENABLE_MODULES = YES;
				CLANG_ENABLE_OBJC_ARC = YES;
				CLANG_ENABLE_OBJC_WEAK = YES;
				CLANG_WARN_BLOCK_CAPTURE_AUTORELEASING = YES;
				CLANG_WARN_BOOL_CONVERSION = YES;
				CLANG_WARN_COMMA = YES;
				CLANG_WARN_CONSTANT_CONVERSION = YES;
				CLANG_WARN_DEPRECATED_OBJC_IMPLEMENTATIONS = YES;
				CLANG_WARN_DIRECT_OBJC_ISA_USAGE = YES_ERROR;
				CLANG_WARN_DOCUMENTATION_COMMENTS = YES;
				CLANG_WARN_EMPTY_BODY = YES;
				CLANG_WARN_ENUM_CONVERSION = YES;
				CLANG_WARN_INFINITE_RECURSION = YES;
				CLANG_WARN_INT_CONVERSION = YES;
				CLANG_WARN_NON_LITERAL_NULL_CONVERSION = YES;
				CLANG_WARN_OBJC_IMPLICIT_RETAIN_SELF = YES;
				CLANG_WARN_OBJC_LITERAL_CONVERSION = YES;
				CLANG_WARN_OBJC_ROOT_CLASS = YES_ERROR;
				CLANG_WARN_QUOTED_INCLUDE_IN_FRAMEWORK_HEADER = YES;
				CLANG_WARN_RANGE_LOOP_ANALYSIS = YES;
				CLANG_WARN_STRICT_PROTOTYPES = YES;
				CLANG_WARN_SUSPICIOUS_MOVE = YES;
				CLANG_WARN_UNGUARDED_AVAILABILITY = YES_AGGRESSIVE;
				CLANG_WARN_UNREACHABLE_CODE = YES;
				CLANG_WARN__DUPLICATE_METHOD_MATCH = YES;
				COPY_PHASE_STRIP = NO;
				CURRENT_PROJECT_VERSION = 1;
				DEBUG_INFORMATION_FORMAT = dwarf;
				ENABLE_STRICT_OBJC_MSGSEND = YES;
				ENABLE_TESTABILITY = YES;
				GCC_C_LANGUAGE_STANDARD = gnu11;
				GCC_DYNAMIC_NO_PIC = NO;
				GCC_NO_COMMON_BLOCKS = YES;
				GCC_OPTIMIZATION_LEVEL = 0;
				GCC_PREPROCESSOR_DEFINITIONS = (
					"DEBUG=1",
					"$(inherited)",
				);
				GCC_WARN_64_TO_32_BIT_CONVERSION = YES;
				GCC_WARN_ABOUT_RETURN_TYPE = YES_ERROR;
				GCC_WARN_UNDECLARED_SELECTOR = YES;
				GCC_WARN_UNINITIALIZED_AUTOS = YES_AGGRESSIVE;
				GCC_WARN_UNUSED_FUNCTION = YES;
				GCC_WARN_UNUSED_VARIABLE = YES;
				IPHONEOS_DEPLOYMENT_TARGET = 16.0;
				MACOSX_DEPLOYMENT_TARGET = 11.3;
				MTL_ENABLE_DEBUG_INFO = INCLUDE_SOURCE;
				MTL_FAST_MATH = YES;
				ONLY_ACTIVE_ARCH = YES;
				SDKROOT = macosx;
				SWIFT_ACTIVE_COMPILATION_CONDITIONS = DEBUG;
				SWIFT_OPTIMIZATION_LEVEL = "-Onone";
				SWIFT_VERSION = 5.0;
				VERSIONING_SYSTEM = "apple-generic";
				VERSION_INFO_PREFIX = "";
			};
			name = Debug;
		};
		298581A927B5825C00E005DA /* Release */ = {
			isa = XCBuildConfiguration;
			buildSettings = {
				ALWAYS_SEARCH_USER_PATHS = NO;
				CLANG_ANALYZER_LOCALIZABILITY_NONLOCALIZED = YES;
				CLANG_ANALYZER_NONNULL = YES;
				CLANG_ANALYZER_NUMBER_OBJECT_CONVERSION = YES_AGGRESSIVE;
				CLANG_CXX_LANGUAGE_STANDARD = "gnu++17";
				CLANG_CXX_LIBRARY = "libc++";
				CLANG_ENABLE_MODULES = YES;
				CLANG_ENABLE_OBJC_ARC = YES;
				CLANG_ENABLE_OBJC_WEAK = YES;
				CLANG_WARN_BLOCK_CAPTURE_AUTORELEASING = YES;
				CLANG_WARN_BOOL_CONVERSION = YES;
				CLANG_WARN_COMMA = YES;
				CLANG_WARN_CONSTANT_CONVERSION = YES;
				CLANG_WARN_DEPRECATED_OBJC_IMPLEMENTATIONS = YES;
				CLANG_WARN_DIRECT_OBJC_ISA_USAGE = YES_ERROR;
				CLANG_WARN_DOCUMENTATION_COMMENTS = YES;
				CLANG_WARN_EMPTY_BODY = YES;
				CLANG_WARN_ENUM_CONVERSION = YES;
				CLANG_WARN_INFINITE_RECURSION = YES;
				CLANG_WARN_INT_CONVERSION = YES;
				CLANG_WARN_NON_LITERAL_NULL_CONVERSION = YES;
				CLANG_WARN_OBJC_IMPLICIT_RETAIN_SELF = YES;
				CLANG_WARN_OBJC_LITERAL_CONVERSION = YES;
				CLANG_WARN_OBJC_ROOT_CLASS = YES_ERROR;
				CLANG_WARN_QUOTED_INCLUDE_IN_FRAMEWORK_HEADER = YES;
				CLANG_WARN_RANGE_LOOP_ANALYSIS = YES;
				CLANG_WARN_STRICT_PROTOTYPES = YES;
				CLANG_WARN_SUSPICIOUS_MOVE = YES;
				CLANG_WARN_UNGUARDED_AVAILABILITY = YES_AGGRESSIVE;
				CLANG_WARN_UNREACHABLE_CODE = YES;
				CLANG_WARN__DUPLICATE_METHOD_MATCH = YES;
				COPY_PHASE_STRIP = NO;
				CURRENT_PROJECT_VERSION = 1;
				DEBUG_INFORMATION_FORMAT = "dwarf-with-dsym";
				ENABLE_NS_ASSERTIONS = NO;
				ENABLE_STRICT_OBJC_MSGSEND = YES;
				GCC_C_LANGUAGE_STANDARD = gnu11;
				GCC_NO_COMMON_BLOCKS = YES;
				GCC_WARN_64_TO_32_BIT_CONVERSION = YES;
				GCC_WARN_ABOUT_RETURN_TYPE = YES_ERROR;
				GCC_WARN_UNDECLARED_SELECTOR = YES;
				GCC_WARN_UNINITIALIZED_AUTOS = YES_AGGRESSIVE;
				GCC_WARN_UNUSED_FUNCTION = YES;
				GCC_WARN_UNUSED_VARIABLE = YES;
				IPHONEOS_DEPLOYMENT_TARGET = 16.0;
				MACOSX_DEPLOYMENT_TARGET = 11.3;
				MTL_ENABLE_DEBUG_INFO = NO;
				MTL_FAST_MATH = YES;
				SDKROOT = macosx;
				SWIFT_COMPILATION_MODE = wholemodule;
				SWIFT_OPTIMIZATION_LEVEL = "-O";
				SWIFT_VERSION = 5.0;
				VERSIONING_SYSTEM = "apple-generic";
				VERSION_INFO_PREFIX = "";
			};
			name = Release;
		};
		298581AB27B5825C00E005DA /* Debug */ = {
			isa = XCBuildConfiguration;
			buildSettings = {
				CLANG_ENABLE_MODULES = YES;
				CODE_SIGN_STYLE = Manual;
				COMBINE_HIDPI_IMAGES = YES;
				CURRENT_PROJECT_VERSION = 1;
				DEFINES_MODULE = YES;
				DEVELOPMENT_TEAM = "";
				DYLIB_COMPATIBILITY_VERSION = 1;
				DYLIB_CURRENT_VERSION = 1;
				DYLIB_INSTALL_NAME_BASE = "@rpath";
				GENERATE_INFOPLIST_FILE = YES;
				INFOPLIST_KEY_NSHumanReadableCopyright = "";
				INSTALL_PATH = "$(LOCAL_LIBRARY_DIR)/Frameworks";
				LD_RUNPATH_SEARCH_PATHS = (
					"$(inherited)",
					"@executable_path/../Frameworks",
					"@loader_path/Frameworks",
				);
				MARKETING_VERSION = 1.0;
				PRODUCT_BUNDLE_IDENTIFIER = com.sk.EssentialFeed;
				PRODUCT_NAME = "$(TARGET_NAME:c99extidentifier)";
				PROVISIONING_PROFILE_SPECIFIER = "";
				SKIP_INSTALL = YES;
				SUPPORTED_PLATFORMS = "macosx iphonesimulator iphoneos";
				SWIFT_EMIT_LOC_STRINGS = YES;
				SWIFT_OPTIMIZATION_LEVEL = "-Onone";
				SWIFT_VERSION = 5.0;
			};
			name = Debug;
		};
		298581AC27B5825C00E005DA /* Release */ = {
			isa = XCBuildConfiguration;
			buildSettings = {
				CLANG_ENABLE_MODULES = YES;
				CODE_SIGN_STYLE = Manual;
				COMBINE_HIDPI_IMAGES = YES;
				CURRENT_PROJECT_VERSION = 1;
				DEFINES_MODULE = YES;
				DEVELOPMENT_TEAM = "";
				DYLIB_COMPATIBILITY_VERSION = 1;
				DYLIB_CURRENT_VERSION = 1;
				DYLIB_INSTALL_NAME_BASE = "@rpath";
				GENERATE_INFOPLIST_FILE = YES;
				INFOPLIST_KEY_NSHumanReadableCopyright = "";
				INSTALL_PATH = "$(LOCAL_LIBRARY_DIR)/Frameworks";
				LD_RUNPATH_SEARCH_PATHS = (
					"$(inherited)",
					"@executable_path/../Frameworks",
					"@loader_path/Frameworks",
				);
				MARKETING_VERSION = 1.0;
				PRODUCT_BUNDLE_IDENTIFIER = com.sk.EssentialFeed;
				PRODUCT_NAME = "$(TARGET_NAME:c99extidentifier)";
				PROVISIONING_PROFILE_SPECIFIER = "";
				SKIP_INSTALL = YES;
				SUPPORTED_PLATFORMS = "macosx iphonesimulator iphoneos";
				SWIFT_EMIT_LOC_STRINGS = YES;
				SWIFT_VERSION = 5.0;
			};
			name = Release;
		};
		298581AE27B5825C00E005DA /* Debug */ = {
			isa = XCBuildConfiguration;
			buildSettings = {
				ALWAYS_EMBED_SWIFT_STANDARD_LIBRARIES = YES;
				CODE_SIGN_STYLE = Automatic;
				COMBINE_HIDPI_IMAGES = YES;
				CURRENT_PROJECT_VERSION = 1;
				GENERATE_INFOPLIST_FILE = YES;
				LD_RUNPATH_SEARCH_PATHS = (
					"$(inherited)",
					"@executable_path/../Frameworks",
					"@loader_path/../Frameworks",
				);
				MARKETING_VERSION = 1.0;
				PRODUCT_BUNDLE_IDENTIFIER = com.sk.EssentialFeedTests;
				PRODUCT_NAME = "$(TARGET_NAME)";
				SUPPORTED_PLATFORMS = "macosx iphonesimulator iphoneos";
				SWIFT_EMIT_LOC_STRINGS = NO;
				SWIFT_VERSION = 5.0;
			};
			name = Debug;
		};
		298581AF27B5825C00E005DA /* Release */ = {
			isa = XCBuildConfiguration;
			buildSettings = {
				ALWAYS_EMBED_SWIFT_STANDARD_LIBRARIES = YES;
				CODE_SIGN_STYLE = Automatic;
				COMBINE_HIDPI_IMAGES = YES;
				CURRENT_PROJECT_VERSION = 1;
				GENERATE_INFOPLIST_FILE = YES;
				LD_RUNPATH_SEARCH_PATHS = (
					"$(inherited)",
					"@executable_path/../Frameworks",
					"@loader_path/../Frameworks",
				);
				MARKETING_VERSION = 1.0;
				PRODUCT_BUNDLE_IDENTIFIER = com.sk.EssentialFeedTests;
				PRODUCT_NAME = "$(TARGET_NAME)";
				SUPPORTED_PLATFORMS = "macosx iphonesimulator iphoneos";
				SWIFT_EMIT_LOC_STRINGS = NO;
				SWIFT_VERSION = 5.0;
			};
			name = Release;
		};
		29DA6F6027E80043006919C4 /* Debug */ = {
			isa = XCBuildConfiguration;
			buildSettings = {
				CODE_SIGN_STYLE = Automatic;
				CURRENT_PROJECT_VERSION = 1;
				GENERATE_INFOPLIST_FILE = YES;
				MACOSX_DEPLOYMENT_TARGET = 12.1;
				MARKETING_VERSION = 1.0;
				PRODUCT_BUNDLE_IDENTIFIER = com.sk.EssentialFeedAPIEndToEndTest.EssentialFeedAPIEndToEndTest;
				PRODUCT_NAME = "$(TARGET_NAME)";
				SUPPORTED_PLATFORMS = "macosx iphonesimulator iphoneos";
				SWIFT_EMIT_LOC_STRINGS = NO;
				SWIFT_VERSION = 5.0;
			};
			name = Debug;
		};
		29DA6F6127E80043006919C4 /* Release */ = {
			isa = XCBuildConfiguration;
			buildSettings = {
				CODE_SIGN_STYLE = Automatic;
				CURRENT_PROJECT_VERSION = 1;
				GENERATE_INFOPLIST_FILE = YES;
				MACOSX_DEPLOYMENT_TARGET = 12.1;
				MARKETING_VERSION = 1.0;
				PRODUCT_BUNDLE_IDENTIFIER = com.sk.EssentialFeedAPIEndToEndTest.EssentialFeedAPIEndToEndTest;
				PRODUCT_NAME = "$(TARGET_NAME)";
				SUPPORTED_PLATFORMS = "macosx iphonesimulator iphoneos";
				SWIFT_EMIT_LOC_STRINGS = NO;
				SWIFT_VERSION = 5.0;
			};
			name = Release;
		};
/* End XCBuildConfiguration section */

/* Begin XCConfigurationList section */
		29477B26283715A1000520AC /* Build configuration list for PBXNativeTarget "EssentialFeediOS" */ = {
			isa = XCConfigurationList;
			buildConfigurations = (
				29477B27283715A1000520AC /* Debug */,
				29477B28283715A1000520AC /* Release */,
			);
			defaultConfigurationIsVisible = 0;
			defaultConfigurationName = Release;
		};
		29477B29283715A1000520AC /* Build configuration list for PBXNativeTarget "EssentialFeediOSTests" */ = {
			isa = XCConfigurationList;
			buildConfigurations = (
				29477B2A283715A1000520AC /* Debug */,
				29477B2B283715A1000520AC /* Release */,
			);
			defaultConfigurationIsVisible = 0;
			defaultConfigurationName = Release;
		};
		2985819227B5825C00E005DA /* Build configuration list for PBXProject "EssentialFeed" */ = {
			isa = XCConfigurationList;
			buildConfigurations = (
				298581A827B5825C00E005DA /* Debug */,
				298581A927B5825C00E005DA /* Release */,
			);
			defaultConfigurationIsVisible = 0;
			defaultConfigurationName = Release;
		};
		298581AA27B5825C00E005DA /* Build configuration list for PBXNativeTarget "EssentialFeed" */ = {
			isa = XCConfigurationList;
			buildConfigurations = (
				298581AB27B5825C00E005DA /* Debug */,
				298581AC27B5825C00E005DA /* Release */,
			);
			defaultConfigurationIsVisible = 0;
			defaultConfigurationName = Release;
		};
		298581AD27B5825C00E005DA /* Build configuration list for PBXNativeTarget "EssentialFeedTests" */ = {
			isa = XCConfigurationList;
			buildConfigurations = (
				298581AE27B5825C00E005DA /* Debug */,
				298581AF27B5825C00E005DA /* Release */,
			);
			defaultConfigurationIsVisible = 0;
			defaultConfigurationName = Release;
		};
		29DA6F5F27E80043006919C4 /* Build configuration list for PBXNativeTarget "EssentialFeedAPIEndToEndTest" */ = {
			isa = XCConfigurationList;
			buildConfigurations = (
				29DA6F6027E80043006919C4 /* Debug */,
				29DA6F6127E80043006919C4 /* Release */,
			);
			defaultConfigurationIsVisible = 0;
			defaultConfigurationName = Release;
		};
/* End XCConfigurationList section */
	};
	rootObject = 2985818F27B5825C00E005DA /* Project object */;
}
